
Microsoft Visual Studio Solution File, Format Version 12.00
# Visual Studio Version 17
VisualStudioVersion = 17.0.31903.59
MinimumVisualStudioVersion = 10.0.40219.1
Project("{9A19103F-16F7-4668-BE54-9A1E7A4F7556}") = "CraftingCalculator.Core", "CraftingCalculator\CraftingCalculator.Core.csproj", "{CE362E21-5622-44B7-96FC-66D7789F27C0}"
EndProject
Project("{2150E333-8FDC-42A3-9474-1A3956D46DE8}") = "src", "src", "{827E0CD3-B72D-47B6-A68D-7590B98EB39B}"
EndProject
Project("{9A19103F-16F7-4668-BE54-9A1E7A4F7556}") = "CraftingCalculator.Domain", "src\CraftingCalculator.Domain\CraftingCalculator.Domain.csproj", "{B780D0D6-8C3D-474A-9C21-37D9DB1AD439}"
EndProject
Project("{9A19103F-16F7-4668-BE54-9A1E7A4F7556}") = "CraftingCalculator.Application", "src\CraftingCalculator.Application\CraftingCalculator.Application.csproj", "{3DF37E25-888A-4956-97A1-6B120A6A6864}"
EndProject
Project("{2150E333-8FDC-42A3-9474-1A3956D46DE8}") = "tests", "tests", "{0AB3BF05-4346-4AA6-1389-037BE0695223}"
EndProject
Project("{9A19103F-16F7-4668-BE54-9A1E7A4F7556}") = "CraftingCalculator.Application.UnitTests", "tests\CraftingCalculator.Application.UnitTests\CraftingCalculator.Application.UnitTests.csproj", "{C027BA30-E8DB-40AA-A8A7-74054FC0EA47}"
EndProject
Project("{9A19103F-16F7-4668-BE54-9A1E7A4F7556}") = "CraftingCalculator.Infrastructure", "src\CraftingCalculator.Infrastructure\CraftingCalculator.Infrastructure.csproj", "{7CBE53EC-3E0A-425D-8408-E248ED387D32}"
EndProject
Project("{9A19103F-16F7-4668-BE54-9A1E7A4F7556}") = "CraftingCalculator.Infrastructure.UnitTests", "tests\CraftingCalculator.Infrastructure.UnitTests\CraftingCalculator.Infrastructure.UnitTests.csproj", "{D111DFF9-B9BC-4257-B6FE-8C336AE2CBFE}"
EndProject
Project("{9A19103F-16F7-4668-BE54-9A1E7A4F7556}") = "CraftingCalculator.UI", "src\CraftingCalculator.UI\CraftingCalculator.UI.csproj", "{E1BD8B35-38BE-4C08-8FA0-F77CB626932F}"
EndProject
Global
	GlobalSection(SolutionConfigurationPlatforms) = preSolution
		Debug|Any CPU = Debug|Any CPU
		Debug|x64 = Debug|x64
		Debug|x86 = Debug|x86
		Release|Any CPU = Release|Any CPU
		Release|x64 = Release|x64
		Release|x86 = Release|x86
	EndGlobalSection
	GlobalSection(ProjectConfigurationPlatforms) = postSolution
		{CE362E21-5622-44B7-96FC-66D7789F27C0}.Debug|Any CPU.ActiveCfg = Debug|Any CPU
		{CE362E21-5622-44B7-96FC-66D7789F27C0}.Debug|Any CPU.Build.0 = Debug|Any CPU
		{CE362E21-5622-44B7-96FC-66D7789F27C0}.Debug|x64.ActiveCfg = Debug|Any CPU
		{CE362E21-5622-44B7-96FC-66D7789F27C0}.Debug|x64.Build.0 = Debug|Any CPU
		{CE362E21-5622-44B7-96FC-66D7789F27C0}.Debug|x86.ActiveCfg = Debug|Any CPU
		{CE362E21-5622-44B7-96FC-66D7789F27C0}.Debug|x86.Build.0 = Debug|Any CPU
		{CE362E21-5622-44B7-96FC-66D7789F27C0}.Release|Any CPU.ActiveCfg = Release|Any CPU
		{CE362E21-5622-44B7-96FC-66D7789F27C0}.Release|Any CPU.Build.0 = Release|Any CPU
		{CE362E21-5622-44B7-96FC-66D7789F27C0}.Release|x64.ActiveCfg = Release|Any CPU
		{CE362E21-5622-44B7-96FC-66D7789F27C0}.Release|x64.Build.0 = Release|Any CPU
		{CE362E21-5622-44B7-96FC-66D7789F27C0}.Release|x86.ActiveCfg = Release|Any CPU
		{CE362E21-5622-44B7-96FC-66D7789F27C0}.Release|x86.Build.0 = Release|Any CPU
		{B780D0D6-8C3D-474A-9C21-37D9DB1AD439}.Debug|Any CPU.ActiveCfg = Debug|Any CPU
		{B780D0D6-8C3D-474A-9C21-37D9DB1AD439}.Debug|Any CPU.Build.0 = Debug|Any CPU
		{B780D0D6-8C3D-474A-9C21-37D9DB1AD439}.Debug|x64.ActiveCfg = Debug|Any CPU
		{B780D0D6-8C3D-474A-9C21-37D9DB1AD439}.Debug|x64.Build.0 = Debug|Any CPU
		{B780D0D6-8C3D-474A-9C21-37D9DB1AD439}.Debug|x86.ActiveCfg = Debug|Any CPU
		{B780D0D6-8C3D-474A-9C21-37D9DB1AD439}.Debug|x86.Build.0 = Debug|Any CPU
		{B780D0D6-8C3D-474A-9C21-37D9DB1AD439}.Release|Any CPU.ActiveCfg = Release|Any CPU
		{B780D0D6-8C3D-474A-9C21-37D9DB1AD439}.Release|Any CPU.Build.0 = Release|Any CPU
		{B780D0D6-8C3D-474A-9C21-37D9DB1AD439}.Release|x64.ActiveCfg = Release|Any CPU
		{B780D0D6-8C3D-474A-9C21-37D9DB1AD439}.Release|x64.Build.0 = Release|Any CPU
		{B780D0D6-8C3D-474A-9C21-37D9DB1AD439}.Release|x86.ActiveCfg = Release|Any CPU
		{B780D0D6-8C3D-474A-9C21-37D9DB1AD439}.Release|x86.Build.0 = Release|Any CPU
		{3DF37E25-888A-4956-97A1-6B120A6A6864}.Debug|Any CPU.ActiveCfg = Debug|Any CPU
		{3DF37E25-888A-4956-97A1-6B120A6A6864}.Debug|Any CPU.Build.0 = Debug|Any CPU
		{3DF37E25-888A-4956-97A1-6B120A6A6864}.Debug|x64.ActiveCfg = Debug|Any CPU
		{3DF37E25-888A-4956-97A1-6B120A6A6864}.Debug|x64.Build.0 = Debug|Any CPU
		{3DF37E25-888A-4956-97A1-6B120A6A6864}.Debug|x86.ActiveCfg = Debug|Any CPU
		{3DF37E25-888A-4956-97A1-6B120A6A6864}.Debug|x86.Build.0 = Debug|Any CPU
		{3DF37E25-888A-4956-97A1-6B120A6A6864}.Release|Any CPU.ActiveCfg = Release|Any CPU
		{3DF37E25-888A-4956-97A1-6B120A6A6864}.Release|Any CPU.Build.0 = Release|Any CPU
		{3DF37E25-888A-4956-97A1-6B120A6A6864}.Release|x64.ActiveCfg = Release|Any CPU
		{3DF37E25-888A-4956-97A1-6B120A6A6864}.Release|x64.Build.0 = Release|Any CPU
		{3DF37E25-888A-4956-97A1-6B120A6A6864}.Release|x86.ActiveCfg = Release|Any CPU
		{3DF37E25-888A-4956-97A1-6B120A6A6864}.Release|x86.Build.0 = Release|Any CPU
		{C027BA30-E8DB-40AA-A8A7-74054FC0EA47}.Debug|Any CPU.ActiveCfg = Debug|Any CPU
		{C027BA30-E8DB-40AA-A8A7-74054FC0EA47}.Debug|Any CPU.Build.0 = Debug|Any CPU
		{C027BA30-E8DB-40AA-A8A7-74054FC0EA47}.Debug|x64.ActiveCfg = Debug|Any CPU
		{C027BA30-E8DB-40AA-A8A7-74054FC0EA47}.Debug|x64.Build.0 = Debug|Any CPU
		{C027BA30-E8DB-40AA-A8A7-74054FC0EA47}.Debug|x86.ActiveCfg = Debug|Any CPU
		{C027BA30-E8DB-40AA-A8A7-74054FC0EA47}.Debug|x86.Build.0 = Debug|Any CPU
		{C027BA30-E8DB-40AA-A8A7-74054FC0EA47}.Release|Any CPU.ActiveCfg = Release|Any CPU
		{C027BA30-E8DB-40AA-A8A7-74054FC0EA47}.Release|Any CPU.Build.0 = Release|Any CPU
		{C027BA30-E8DB-40AA-A8A7-74054FC0EA47}.Release|x64.ActiveCfg = Release|Any CPU
		{C027BA30-E8DB-40AA-A8A7-74054FC0EA47}.Release|x64.Build.0 = Release|Any CPU
		{C027BA30-E8DB-40AA-A8A7-74054FC0EA47}.Release|x86.ActiveCfg = Release|Any CPU
		{C027BA30-E8DB-40AA-A8A7-74054FC0EA47}.Release|x86.Build.0 = Release|Any CPU
		{7CBE53EC-3E0A-425D-8408-E248ED387D32}.Debug|Any CPU.ActiveCfg = Debug|Any CPU
		{7CBE53EC-3E0A-425D-8408-E248ED387D32}.Debug|Any CPU.Build.0 = Debug|Any CPU
		{7CBE53EC-3E0A-425D-8408-E248ED387D32}.Debug|x64.ActiveCfg = Debug|Any CPU
		{7CBE53EC-3E0A-425D-8408-E248ED387D32}.Debug|x64.Build.0 = Debug|Any CPU
		{7CBE53EC-3E0A-425D-8408-E248ED387D32}.Debug|x86.ActiveCfg = Debug|Any CPU
		{7CBE53EC-3E0A-425D-8408-E248ED387D32}.Debug|x86.Build.0 = Debug|Any CPU
		{7CBE53EC-3E0A-425D-8408-E248ED387D32}.Release|Any CPU.ActiveCfg = Release|Any CPU
		{7CBE53EC-3E0A-425D-8408-E248ED387D32}.Release|Any CPU.Build.0 = Release|Any CPU
		{7CBE53EC-3E0A-425D-8408-E248ED387D32}.Release|x64.ActiveCfg = Release|Any CPU
		{7CBE53EC-3E0A-425D-8408-E248ED387D32}.Release|x64.Build.0 = Release|Any CPU
		{7CBE53EC-3E0A-425D-8408-E248ED387D32}.Release|x86.ActiveCfg = Release|Any CPU
		{7CBE53EC-3E0A-425D-8408-E248ED387D32}.Release|x86.Build.0 = Release|Any CPU
		{D111DFF9-B9BC-4257-B6FE-8C336AE2CBFE}.Debug|Any CPU.ActiveCfg = Debug|Any CPU
		{D111DFF9-B9BC-4257-B6FE-8C336AE2CBFE}.Debug|Any CPU.Build.0 = Debug|Any CPU
		{D111DFF9-B9BC-4257-B6FE-8C336AE2CBFE}.Debug|x64.ActiveCfg = Debug|Any CPU
		{D111DFF9-B9BC-4257-B6FE-8C336AE2CBFE}.Debug|x64.Build.0 = Debug|Any CPU
		{D111DFF9-B9BC-4257-B6FE-8C336AE2CBFE}.Debug|x86.ActiveCfg = Debug|Any CPU
		{D111DFF9-B9BC-4257-B6FE-8C336AE2CBFE}.Debug|x86.Build.0 = Debug|Any CPU
		{D111DFF9-B9BC-4257-B6FE-8C336AE2CBFE}.Release|Any CPU.ActiveCfg = Release|Any CPU
		{D111DFF9-B9BC-4257-B6FE-8C336AE2CBFE}.Release|Any CPU.Build.0 = Release|Any CPU
		{D111DFF9-B9BC-4257-B6FE-8C336AE2CBFE}.Release|x64.ActiveCfg = Release|Any CPU
		{D111DFF9-B9BC-4257-B6FE-8C336AE2CBFE}.Release|x64.Build.0 = Release|Any CPU
		{D111DFF9-B9BC-4257-B6FE-8C336AE2CBFE}.Release|x86.ActiveCfg = Release|Any CPU
		{D111DFF9-B9BC-4257-B6FE-8C336AE2CBFE}.Release|x86.Build.0 = Release|Any CPU
		{E1BD8B35-38BE-4C08-8FA0-F77CB626932F}.Debug|Any CPU.ActiveCfg = Debug|Any CPU
		{E1BD8B35-38BE-4C08-8FA0-F77CB626932F}.Debug|Any CPU.Build.0 = Debug|Any CPU
		{E1BD8B35-38BE-4C08-8FA0-F77CB626932F}.Debug|x64.ActiveCfg = Debug|Any CPU
		{E1BD8B35-38BE-4C08-8FA0-F77CB626932F}.Debug|x64.Build.0 = Debug|Any CPU
		{E1BD8B35-38BE-4C08-8FA0-F77CB626932F}.Debug|x86.ActiveCfg = Debug|Any CPU
		{E1BD8B35-38BE-4C08-8FA0-F77CB626932F}.Debug|x86.Build.0 = Debug|Any CPU
		{E1BD8B35-38BE-4C08-8FA0-F77CB626932F}.Release|Any CPU.ActiveCfg = Release|Any CPU
		{E1BD8B35-38BE-4C08-8FA0-F77CB626932F}.Release|Any CPU.Build.0 = Release|Any CPU
		{E1BD8B35-38BE-4C08-8FA0-F77CB626932F}.Release|x64.ActiveCfg = Release|Any CPU
		{E1BD8B35-38BE-4C08-8FA0-F77CB626932F}.Release|x64.Build.0 = Release|Any CPU
		{E1BD8B35-38BE-4C08-8FA0-F77CB626932F}.Release|x86.ActiveCfg = Release|Any CPU
		{E1BD8B35-38BE-4C08-8FA0-F77CB626932F}.Release|x86.Build.0 = Release|Any CPU
	EndGlobalSection
	GlobalSection(SolutionProperties) = preSolution
		HideSolutionNode = FALSE
	EndGlobalSection
	GlobalSection(NestedProjects) = preSolution
		{B780D0D6-8C3D-474A-9C21-37D9DB1AD439} = {827E0CD3-B72D-47B6-A68D-7590B98EB39B}
		{3DF37E25-888A-4956-97A1-6B120A6A6864} = {827E0CD3-B72D-47B6-A68D-7590B98EB39B}
		{C027BA30-E8DB-40AA-A8A7-74054FC0EA47} = {0AB3BF05-4346-4AA6-1389-037BE0695223}
		{7CBE53EC-3E0A-425D-8408-E248ED387D32} = {827E0CD3-B72D-47B6-A68D-7590B98EB39B}
		{D111DFF9-B9BC-4257-B6FE-8C336AE2CBFE} = {0AB3BF05-4346-4AA6-1389-037BE0695223}
		{E1BD8B35-38BE-4C08-8FA0-F77CB626932F} = {827E0CD3-B72D-47B6-A68D-7590B98EB39B}
	EndGlobalSection
	GlobalSection(ExtensibilityGlobals) = postSolution
		SolutionGuid = {E2A3282A-4292-475E-AF9E-7591C72FD247}
	EndGlobalSection
EndGlobal
