
Microsoft Visual Studio Solution File, Format Version 12.00
# Visual Studio Version 17
VisualStudioVersion = 17.0.31903.59
MinimumVisualStudioVersion = 10.0.40219.1
Project("{FAE04EC0-301F-11D3-BF4B-00C04F79EFBC}") = "CraftingCalculator", "CraftingCalculator\CraftingCalculator.csproj", "{4FD23D1B-4445-4B57-9D4F-8E1C98018936}"
EndProject
Project("{FAE04EC0-301F-11D3-BF4B-00C04F79EFBC}") = "CraftingCalculatorTests", "CraftingCalculatorTests\CraftingCalculatorTests.csproj", "{02DBC149-0760-4FEA-BBF4-5E68BFFB3ADD}"
EndProject
Global
	GlobalSection(SolutionConfigurationPlatforms) = preSolution
		Debug|Any CPU = Debug|Any CPU
		Release|Any CPU = Release|Any CPU
	EndGlobalSection
	GlobalSection(ProjectConfigurationPlatforms) = postSolution
		{4FD23D1B-4445-4B57-9D4F-8E1C98018936}.Debug|Any CPU.ActiveCfg = Debug|Any CPU
		{4FD23D1B-4445-4B57-9D4F-8E1C98018936}.Debug|Any CPU.Build.0 = Debug|Any CPU
		{4FD23D1B-4445-4B57-9D4F-8E1C98018936}.Release|Any CPU.ActiveCfg = Release|Any CPU
		{4FD23D1B-4445-4B57-9D4F-8E1C98018936}.Release|Any CPU.Build.0 = Release|Any CPU
		{02DBC149-0760-4FEA-BBF4-5E68BFFB3ADD}.Debug|Any CPU.ActiveCfg = Debug|Any CPU
		{02DBC149-0760-4FEA-BBF4-5E68BFFB3ADD}.Debug|Any CPU.Build.0 = Debug|Any CPU
		{02DBC149-0760-4FEA-BBF4-5E68BFFB3ADD}.Release|Any CPU.ActiveCfg = Release|Any CPU
		{02DBC149-0760-4FEA-BBF4-5E68BFFB3ADD}.Release|Any CPU.Build.0 = Release|Any CPU
	EndGlobalSection
	GlobalSection(SolutionProperties) = preSolution
		HideSolutionNode = FALSE
	EndGlobalSection
	GlobalSection(ExtensibilityGlobals) = postSolution
		SolutionGuid = {E119E237-83CC-47A4-AEA0-77DB3A8E36E1}
	EndGlobalSection
EndGlobal
